
Microsoft Visual Studio Solution File, Format Version 12.00
# Visual Studio Version 16
VisualStudioVersion = 16.0.31727.386
MinimumVisualStudioVersion = 10.0.40219.1
Project("{FAE04EC0-301F-11D3-BF4B-00C04F79EFBC}") = "Client", "Client\Client.csproj", "{80686E2D-3B2E-4DE5-B0A3-809B818DFF88}"
EndProject
Project("{FAE04EC0-301F-11D3-BF4B-00C04F79EFBC}") = "Server", "Server\Server.csproj", "{C8CC82BD-617F-4E2B-B76C-B0C57EBCFA6B}"
EndProject
Global
	GlobalSection(SolutionConfigurationPlatforms) = preSolution
		Debug|Any CPU = Debug|Any CPU
		Release|Any CPU = Release|Any CPU
	EndGlobalSection
	GlobalSection(ProjectConfigurationPlatforms) = postSolution
		{80686E2D-3B2E-4DE5-B0A3-809B818DFF88}.Debug|Any CPU.ActiveCfg = Debug|Any CPU
		{80686E2D-3B2E-4DE5-B0A3-809B818DFF88}.Debug|Any CPU.Build.0 = Debug|Any CPU
		{80686E2D-3B2E-4DE5-B0A3-809B818DFF88}.Release|Any CPU.ActiveCfg = Release|Any CPU
		{80686E2D-3B2E-4DE5-B0A3-809B818DFF88}.Release|Any CPU.Build.0 = Release|Any CPU
		{C8CC82BD-617F-4E2B-B76C-B0C57EBCFA6B}.Debug|Any CPU.ActiveCfg = Debug|Any CPU
		{C8CC82BD-617F-4E2B-B76C-B0C57EBCFA6B}.Debug|Any CPU.Build.0 = Debug|Any CPU
		{C8CC82BD-617F-4E2B-B76C-B0C57EBCFA6B}.Release|Any CPU.ActiveCfg = Release|Any CPU
		{C8CC82BD-617F-4E2B-B76C-B0C57EBCFA6B}.Release|Any CPU.Build.0 = Release|Any CPU
	EndGlobalSection
	GlobalSection(SolutionProperties) = preSolution
		HideSolutionNode = FALSE
	EndGlobalSection
	GlobalSection(ExtensibilityGlobals) = postSolution
		SolutionGuid = {F0E53642-8565-4C77-9B99-251253E162F4}
	EndGlobalSection
EndGlobal
